// !$*UTF8*$!
{
	archiveVersion = 1;
	classes = {
	};
	objectVersion = 55;
	objects = {

/* Begin PBXBuildFile section */
		1E01C10129F1623C00ACA4B7 /* AuthViewController.swift in Sources */ = {isa = PBXBuildFile; fileRef = 1E01C10029F1623C00ACA4B7 /* AuthViewController.swift */; };
		1E01C10F29F1663900ACA4B7 /* Fonts.swift in Sources */ = {isa = PBXBuildFile; fileRef = 1E01C10E29F1663900ACA4B7 /* Fonts.swift */; };
		1E01C11629F16A2A00ACA4B7 /* SFProText-Regular.ttf in Resources */ = {isa = PBXBuildFile; fileRef = 1E01C11529F16A2A00ACA4B7 /* SFProText-Regular.ttf */; };
		1E01C11829F16A3100ACA4B7 /* SFProText-Bold.ttf in Resources */ = {isa = PBXBuildFile; fileRef = 1E01C11729F16A3100ACA4B7 /* SFProText-Bold.ttf */; };
		1E01C11B29F16E7100ACA4B7 /* MainViewController.swift in Sources */ = {isa = PBXBuildFile; fileRef = 1E01C11A29F16E7000ACA4B7 /* MainViewController.swift */; };
		1E01C11D29F16E7800ACA4B7 /* MainPresenter.swift in Sources */ = {isa = PBXBuildFile; fileRef = 1E01C11C29F16E7800ACA4B7 /* MainPresenter.swift */; };
		1E01C12029F16F5A00ACA4B7 /* ModuleBuilder.swift in Sources */ = {isa = PBXBuildFile; fileRef = 1E01C11F29F16F5A00ACA4B7 /* ModuleBuilder.swift */; };
		1E01C12329F1707800ACA4B7 /* AppRouter.swift in Sources */ = {isa = PBXBuildFile; fileRef = 1E01C12229F1707800ACA4B7 /* AppRouter.swift */; };
		1E01C12529F1723200ACA4B7 /* CatalogAPIService.swift in Sources */ = {isa = PBXBuildFile; fileRef = 1E01C12429F1723200ACA4B7 /* CatalogAPIService.swift */; };
		1E01C12729F1723900ACA4B7 /* JSONDecoderManager.swift in Sources */ = {isa = PBXBuildFile; fileRef = 1E01C12629F1723900ACA4B7 /* JSONDecoderManager.swift */; };
		1E01C12929F1723F00ACA4B7 /* Networking.swift in Sources */ = {isa = PBXBuildFile; fileRef = 1E01C12829F1723F00ACA4B7 /* Networking.swift */; };
		1E01C12C29F1753700ACA4B7 /* DetailViewController.swift in Sources */ = {isa = PBXBuildFile; fileRef = 1E01C12B29F1753700ACA4B7 /* DetailViewController.swift */; };
		1E01C12E29F1753E00ACA4B7 /* DetailPresenter.swift in Sources */ = {isa = PBXBuildFile; fileRef = 1E01C12D29F1753E00ACA4B7 /* DetailPresenter.swift */; };
		1E01C13129F17B1800ACA4B7 /* MainCollectionViewCell.swift in Sources */ = {isa = PBXBuildFile; fileRef = 1E01C13029F17B1800ACA4B7 /* MainCollectionViewCell.swift */; };
		1E01C13429F183D200ACA4B7 /* DetailCollectionViewCell.swift in Sources */ = {isa = PBXBuildFile; fileRef = 1E01C13329F183D200ACA4B7 /* DetailCollectionViewCell.swift */; };
		1E430EAB29F14C80005E276C /* AppDelegate.swift in Sources */ = {isa = PBXBuildFile; fileRef = 1E430EAA29F14C80005E276C /* AppDelegate.swift */; };
		1E430EAD29F14C80005E276C /* SceneDelegate.swift in Sources */ = {isa = PBXBuildFile; fileRef = 1E430EAC29F14C80005E276C /* SceneDelegate.swift */; };
		1E430EB429F14C81005E276C /* Assets.xcassets in Resources */ = {isa = PBXBuildFile; fileRef = 1E430EB329F14C81005E276C /* Assets.xcassets */; };
		1E430EB729F14C81005E276C /* LaunchScreen.storyboard in Resources */ = {isa = PBXBuildFile; fileRef = 1E430EB529F14C81005E276C /* LaunchScreen.storyboard */; };
		1E430EC029F158D0005E276C /* AuthPresenter.swift in Sources */ = {isa = PBXBuildFile; fileRef = 1E430EBF29F158D0005E276C /* AuthPresenter.swift */; };
		1EC2280F29F29A4200B3DB05 /* AuthService.swift in Sources */ = {isa = PBXBuildFile; fileRef = 1EC2280E29F29A4200B3DB05 /* AuthService.swift */; };
		1EF12D4429F2C7E3007F8C5B /* AlbumResponseModel.swift in Sources */ = {isa = PBXBuildFile; fileRef = 1EF12D4329F2C7E3007F8C5B /* AlbumResponseModel.swift */; };
		1EF12D4629F2DBF4007F8C5B /* PhotoModel.swift in Sources */ = {isa = PBXBuildFile; fileRef = 1EF12D4529F2DBF4007F8C5B /* PhotoModel.swift */; };
		1EF12D4929F2DFED007F8C5B /* ImageView.swift in Sources */ = {isa = PBXBuildFile; fileRef = 1EF12D4829F2DFED007F8C5B /* ImageView.swift */; };
		1EF12D4C29F3DA89007F8C5B /* DetailPhotoModel.swift in Sources */ = {isa = PBXBuildFile; fileRef = 1EF12D4B29F3DA89007F8C5B /* DetailPhotoModel.swift */; };
		1EF12D4E29F3E141007F8C5B /* CalendarManager.swift in Sources */ = {isa = PBXBuildFile; fileRef = 1EF12D4D29F3E141007F8C5B /* CalendarManager.swift */; };
		1EF12D5029F40467007F8C5B /* ImageSavePhotosAlbum.swift in Sources */ = {isa = PBXBuildFile; fileRef = 1EF12D4F29F40467007F8C5B /* ImageSavePhotosAlbum.swift */; };
		1EF12D5329F406E6007F8C5B /* Alerts.swift in Sources */ = {isa = PBXBuildFile; fileRef = 1EF12D5229F406E6007F8C5B /* Alerts.swift */; };
		62C4B4A12BE6F2434BB8C2B4 /* Pods_VKGallery.framework in Frameworks */ = {isa = PBXBuildFile; fileRef = 1542082FC782917DDC98C7D6 /* Pods_VKGallery.framework */; };
/* End PBXBuildFile section */

/* Begin PBXFileReference section */
		1542082FC782917DDC98C7D6 /* Pods_VKGallery.framework */ = {isa = PBXFileReference; explicitFileType = wrapper.framework; includeInIndex = 0; path = Pods_VKGallery.framework; sourceTree = BUILT_PRODUCTS_DIR; };
		1E01C10029F1623C00ACA4B7 /* AuthViewController.swift */ = {isa = PBXFileReference; fileEncoding = 4; lastKnownFileType = sourcecode.swift; path = AuthViewController.swift; sourceTree = "<group>"; };
		1E01C10E29F1663900ACA4B7 /* Fonts.swift */ = {isa = PBXFileReference; lastKnownFileType = sourcecode.swift; path = Fonts.swift; sourceTree = "<group>"; };
		1E01C11529F16A2A00ACA4B7 /* SFProText-Regular.ttf */ = {isa = PBXFileReference; lastKnownFileType = file; path = "SFProText-Regular.ttf"; sourceTree = "<group>"; };
		1E01C11729F16A3100ACA4B7 /* SFProText-Bold.ttf */ = {isa = PBXFileReference; lastKnownFileType = file; path = "SFProText-Bold.ttf"; sourceTree = "<group>"; };
		1E01C11A29F16E7000ACA4B7 /* MainViewController.swift */ = {isa = PBXFileReference; lastKnownFileType = sourcecode.swift; path = MainViewController.swift; sourceTree = "<group>"; };
		1E01C11C29F16E7800ACA4B7 /* MainPresenter.swift */ = {isa = PBXFileReference; lastKnownFileType = sourcecode.swift; path = MainPresenter.swift; sourceTree = "<group>"; };
		1E01C11F29F16F5A00ACA4B7 /* ModuleBuilder.swift */ = {isa = PBXFileReference; lastKnownFileType = sourcecode.swift; path = ModuleBuilder.swift; sourceTree = "<group>"; };
		1E01C12229F1707800ACA4B7 /* AppRouter.swift */ = {isa = PBXFileReference; lastKnownFileType = sourcecode.swift; path = AppRouter.swift; sourceTree = "<group>"; };
		1E01C12429F1723200ACA4B7 /* CatalogAPIService.swift */ = {isa = PBXFileReference; fileEncoding = 4; lastKnownFileType = sourcecode.swift; path = CatalogAPIService.swift; sourceTree = "<group>"; };
		1E01C12629F1723900ACA4B7 /* JSONDecoderManager.swift */ = {isa = PBXFileReference; fileEncoding = 4; lastKnownFileType = sourcecode.swift; path = JSONDecoderManager.swift; sourceTree = "<group>"; };
		1E01C12829F1723F00ACA4B7 /* Networking.swift */ = {isa = PBXFileReference; fileEncoding = 4; lastKnownFileType = sourcecode.swift; path = Networking.swift; sourceTree = "<group>"; };
		1E01C12B29F1753700ACA4B7 /* DetailViewController.swift */ = {isa = PBXFileReference; lastKnownFileType = sourcecode.swift; path = DetailViewController.swift; sourceTree = "<group>"; };
		1E01C12D29F1753E00ACA4B7 /* DetailPresenter.swift */ = {isa = PBXFileReference; lastKnownFileType = sourcecode.swift; path = DetailPresenter.swift; sourceTree = "<group>"; };
		1E01C13029F17B1800ACA4B7 /* MainCollectionViewCell.swift */ = {isa = PBXFileReference; lastKnownFileType = sourcecode.swift; path = MainCollectionViewCell.swift; sourceTree = "<group>"; };
		1E01C13329F183D200ACA4B7 /* DetailCollectionViewCell.swift */ = {isa = PBXFileReference; lastKnownFileType = sourcecode.swift; path = DetailCollectionViewCell.swift; sourceTree = "<group>"; };
		1E430EA729F14C80005E276C /* VKGallery.app */ = {isa = PBXFileReference; explicitFileType = wrapper.application; includeInIndex = 0; path = VKGallery.app; sourceTree = BUILT_PRODUCTS_DIR; };
		1E430EAA29F14C80005E276C /* AppDelegate.swift */ = {isa = PBXFileReference; lastKnownFileType = sourcecode.swift; path = AppDelegate.swift; sourceTree = "<group>"; };
		1E430EAC29F14C80005E276C /* SceneDelegate.swift */ = {isa = PBXFileReference; lastKnownFileType = sourcecode.swift; path = SceneDelegate.swift; sourceTree = "<group>"; };
		1E430EB329F14C81005E276C /* Assets.xcassets */ = {isa = PBXFileReference; lastKnownFileType = folder.assetcatalog; path = Assets.xcassets; sourceTree = "<group>"; };
		1E430EB629F14C81005E276C /* Base */ = {isa = PBXFileReference; lastKnownFileType = file.storyboard; name = Base; path = Base.lproj/LaunchScreen.storyboard; sourceTree = "<group>"; };
		1E430EB829F14C81005E276C /* Info.plist */ = {isa = PBXFileReference; lastKnownFileType = text.plist.xml; path = Info.plist; sourceTree = "<group>"; };
		1E430EBF29F158D0005E276C /* AuthPresenter.swift */ = {isa = PBXFileReference; lastKnownFileType = sourcecode.swift; path = AuthPresenter.swift; sourceTree = "<group>"; };
		1EC2280E29F29A4200B3DB05 /* AuthService.swift */ = {isa = PBXFileReference; lastKnownFileType = sourcecode.swift; path = AuthService.swift; sourceTree = "<group>"; };
		1EF12D4329F2C7E3007F8C5B /* AlbumResponseModel.swift */ = {isa = PBXFileReference; lastKnownFileType = sourcecode.swift; path = AlbumResponseModel.swift; sourceTree = "<group>"; };
		1EF12D4529F2DBF4007F8C5B /* PhotoModel.swift */ = {isa = PBXFileReference; lastKnownFileType = sourcecode.swift; path = PhotoModel.swift; sourceTree = "<group>"; };
		1EF12D4829F2DFED007F8C5B /* ImageView.swift */ = {isa = PBXFileReference; lastKnownFileType = sourcecode.swift; path = ImageView.swift; sourceTree = "<group>"; };
		1EF12D4B29F3DA89007F8C5B /* DetailPhotoModel.swift */ = {isa = PBXFileReference; lastKnownFileType = sourcecode.swift; path = DetailPhotoModel.swift; sourceTree = "<group>"; };
		1EF12D4D29F3E141007F8C5B /* CalendarManager.swift */ = {isa = PBXFileReference; lastKnownFileType = sourcecode.swift; path = CalendarManager.swift; sourceTree = "<group>"; };
		1EF12D4F29F40467007F8C5B /* ImageSavePhotosAlbum.swift */ = {isa = PBXFileReference; lastKnownFileType = sourcecode.swift; path = ImageSavePhotosAlbum.swift; sourceTree = "<group>"; };
		1EF12D5229F406E6007F8C5B /* Alerts.swift */ = {isa = PBXFileReference; lastKnownFileType = sourcecode.swift; path = Alerts.swift; sourceTree = "<group>"; };
		A0E96A75EFCFE281B5B66A2E /* Pods-VKGallery.debug.xcconfig */ = {isa = PBXFileReference; includeInIndex = 1; lastKnownFileType = text.xcconfig; name = "Pods-VKGallery.debug.xcconfig"; path = "Target Support Files/Pods-VKGallery/Pods-VKGallery.debug.xcconfig"; sourceTree = "<group>"; };
		DBFF1B7F703047FBEE213836 /* Pods-VKGallery.release.xcconfig */ = {isa = PBXFileReference; includeInIndex = 1; lastKnownFileType = text.xcconfig; name = "Pods-VKGallery.release.xcconfig"; path = "Target Support Files/Pods-VKGallery/Pods-VKGallery.release.xcconfig"; sourceTree = "<group>"; };
/* End PBXFileReference section */

/* Begin PBXFrameworksBuildPhase section */
		1E430EA429F14C80005E276C /* Frameworks */ = {
			isa = PBXFrameworksBuildPhase;
			buildActionMask = 2147483647;
			files = (
				62C4B4A12BE6F2434BB8C2B4 /* Pods_VKGallery.framework in Frameworks */,
			);
			runOnlyForDeploymentPostprocessing = 0;
		};
/* End PBXFrameworksBuildPhase section */

/* Begin PBXGroup section */
		1E01C10229F1628300ACA4B7 /* Modules */ = {
			isa = PBXGroup;
			children = (
				1E430EC129F160B9005E276C /* Auth */,
				1E01C11929F16E5C00ACA4B7 /* Main */,
				1E01C12A29F1752700ACA4B7 /* Detail */,
			);
			path = Modules;
			sourceTree = "<group>";
		};
		1E01C10329F162D300ACA4B7 /* Common */ = {
			isa = PBXGroup;
			children = (
				1EF12D5129F406D8007F8C5B /* Alerts */,
				1EF12D4729F2DFE2007F8C5B /* Extensions */,
				1E01C12129F1706F00ACA4B7 /* AppRouter */,
				1E01C10D29F1662900ACA4B7 /* Variables */,
				1EC2281029F29A5000B3DB05 /* Managers */,
				1EC2281129F29A5900B3DB05 /* Services */,
				1E01C10A29F1653A00ACA4B7 /* Fonts */,
			);
			path = Common;
			sourceTree = "<group>";
		};
		1E01C10A29F1653A00ACA4B7 /* Fonts */ = {
			isa = PBXGroup;
			children = (
				1E01C11529F16A2A00ACA4B7 /* SFProText-Regular.ttf */,
				1E01C11729F16A3100ACA4B7 /* SFProText-Bold.ttf */,
			);
			path = Fonts;
			sourceTree = "<group>";
		};
		1E01C10D29F1662900ACA4B7 /* Variables */ = {
			isa = PBXGroup;
			children = (
				1E01C10E29F1663900ACA4B7 /* Fonts.swift */,
			);
			path = Variables;
			sourceTree = "<group>";
		};
		1E01C11929F16E5C00ACA4B7 /* Main */ = {
			isa = PBXGroup;
			children = (
				1EF12D4229F2C7DB007F8C5B /* Models */,
				1E01C12F29F17B0F00ACA4B7 /* Views */,
				1E01C11A29F16E7000ACA4B7 /* MainViewController.swift */,
				1E01C11C29F16E7800ACA4B7 /* MainPresenter.swift */,
			);
			path = Main;
			sourceTree = "<group>";
		};
		1E01C12129F1706F00ACA4B7 /* AppRouter */ = {
			isa = PBXGroup;
			children = (
				1E01C12229F1707800ACA4B7 /* AppRouter.swift */,
			);
			path = AppRouter;
			sourceTree = "<group>";
		};
		1E01C12A29F1752700ACA4B7 /* Detail */ = {
			isa = PBXGroup;
			children = (
				1EF12D4A29F3DA7B007F8C5B /* Models */,
				1E01C13229F183BC00ACA4B7 /* Views */,
				1E01C12B29F1753700ACA4B7 /* DetailViewController.swift */,
				1E01C12D29F1753E00ACA4B7 /* DetailPresenter.swift */,
			);
			path = Detail;
			sourceTree = "<group>";
		};
		1E01C12F29F17B0F00ACA4B7 /* Views */ = {
			isa = PBXGroup;
			children = (
				1E01C13029F17B1800ACA4B7 /* MainCollectionViewCell.swift */,
			);
			path = Views;
			sourceTree = "<group>";
		};
		1E01C13229F183BC00ACA4B7 /* Views */ = {
			isa = PBXGroup;
			children = (
				1E01C13329F183D200ACA4B7 /* DetailCollectionViewCell.swift */,
			);
			path = Views;
			sourceTree = "<group>";
		};
		1E430E9E29F14C80005E276C = {
			isa = PBXGroup;
			children = (
				1E430EA929F14C80005E276C /* VKGallery */,
				1E430EA829F14C80005E276C /* Products */,
				A36941154BECDCCEFBA0D5DB /* Pods */,
				77B53A37A300CDDE75B02944 /* Frameworks */,
			);
			sourceTree = "<group>";
		};
		1E430EA829F14C80005E276C /* Products */ = {
			isa = PBXGroup;
			children = (
				1E430EA729F14C80005E276C /* VKGallery.app */,
			);
			name = Products;
			sourceTree = "<group>";
		};
		1E430EA929F14C80005E276C /* VKGallery */ = {
			isa = PBXGroup;
			children = (
				1E01C10229F1628300ACA4B7 /* Modules */,
				1E01C10329F162D300ACA4B7 /* Common */,
				1E430EBE29F14D2D005E276C /* Applications */,
			);
			path = VKGallery;
			sourceTree = "<group>";
		};
		1E430EBE29F14D2D005E276C /* Applications */ = {
			isa = PBXGroup;
			children = (
				1E430EAA29F14C80005E276C /* AppDelegate.swift */,
				1E430EAC29F14C80005E276C /* SceneDelegate.swift */,
				1E430EB329F14C81005E276C /* Assets.xcassets */,
				1E430EB529F14C81005E276C /* LaunchScreen.storyboard */,
				1E430EB829F14C81005E276C /* Info.plist */,
			);
			path = Applications;
			sourceTree = "<group>";
		};
		1E430EC129F160B9005E276C /* Auth */ = {
			isa = PBXGroup;
			children = (
				1E01C10029F1623C00ACA4B7 /* AuthViewController.swift */,
				1E430EBF29F158D0005E276C /* AuthPresenter.swift */,
			);
			path = Auth;
			sourceTree = "<group>";
		};
		1EC2281029F29A5000B3DB05 /* Managers */ = {
			isa = PBXGroup;
			children = (
				1E01C12829F1723F00ACA4B7 /* Networking.swift */,
				1E01C12629F1723900ACA4B7 /* JSONDecoderManager.swift */,
				1E01C11F29F16F5A00ACA4B7 /* ModuleBuilder.swift */,
				1EF12D4D29F3E141007F8C5B /* CalendarManager.swift */,
			);
			path = Managers;
			sourceTree = "<group>";
		};
		1EC2281129F29A5900B3DB05 /* Services */ = {
			isa = PBXGroup;
			children = (
				1E01C12429F1723200ACA4B7 /* CatalogAPIService.swift */,
				1EC2280E29F29A4200B3DB05 /* AuthService.swift */,
			);
			path = Services;
			sourceTree = "<group>";
		};
		1EF12D4229F2C7DB007F8C5B /* Models */ = {
			isa = PBXGroup;
			children = (
				1EF12D4329F2C7E3007F8C5B /* AlbumResponseModel.swift */,
				1EF12D4529F2DBF4007F8C5B /* PhotoModel.swift */,
			);
			path = Models;
			sourceTree = "<group>";
		};
		1EF12D4729F2DFE2007F8C5B /* Extensions */ = {
			isa = PBXGroup;
			children = (
				1EF12D4829F2DFED007F8C5B /* ImageView.swift */,
			);
			path = Extensions;
			sourceTree = "<group>";
		};
		1EF12D4A29F3DA7B007F8C5B /* Models */ = {
			isa = PBXGroup;
			children = (
				1EF12D4B29F3DA89007F8C5B /* DetailPhotoModel.swift */,
				1EF12D4F29F40467007F8C5B /* ImageSavePhotosAlbum.swift */,
			);
			path = Models;
			sourceTree = "<group>";
		};
		1EF12D5129F406D8007F8C5B /* Alerts */ = {
			isa = PBXGroup;
			children = (
				1EF12D5229F406E6007F8C5B /* Alerts.swift */,
			);
			path = Alerts;
			sourceTree = "<group>";
		};
		77B53A37A300CDDE75B02944 /* Frameworks */ = {
			isa = PBXGroup;
			children = (
				1542082FC782917DDC98C7D6 /* Pods_VKGallery.framework */,
			);
			name = Frameworks;
			sourceTree = "<group>";
		};
		A36941154BECDCCEFBA0D5DB /* Pods */ = {
			isa = PBXGroup;
			children = (
				A0E96A75EFCFE281B5B66A2E /* Pods-VKGallery.debug.xcconfig */,
				DBFF1B7F703047FBEE213836 /* Pods-VKGallery.release.xcconfig */,
			);
			path = Pods;
			sourceTree = "<group>";
		};
/* End PBXGroup section */

/* Begin PBXNativeTarget section */
		1E430EA629F14C80005E276C /* VKGallery */ = {
			isa = PBXNativeTarget;
			buildConfigurationList = 1E430EBB29F14C81005E276C /* Build configuration list for PBXNativeTarget "VKGallery" */;
			buildPhases = (
				A0262E72823DB9F6F0267E5B /* [CP] Check Pods Manifest.lock */,
				1E430EA329F14C80005E276C /* Sources */,
				1E430EA429F14C80005E276C /* Frameworks */,
				1E430EA529F14C80005E276C /* Resources */,
				DC6901C77A83BE275065979D /* [CP] Embed Pods Frameworks */,
			);
			buildRules = (
			);
			dependencies = (
			);
			name = VKGallery;
			productName = VKGallery;
			productReference = 1E430EA729F14C80005E276C /* VKGallery.app */;
			productType = "com.apple.product-type.application";
		};
/* End PBXNativeTarget section */

/* Begin PBXProject section */
		1E430E9F29F14C80005E276C /* Project object */ = {
			isa = PBXProject;
			attributes = {
				BuildIndependentTargetsInParallel = 1;
				LastSwiftUpdateCheck = 1420;
				LastUpgradeCheck = 1420;
				TargetAttributes = {
					1E430EA629F14C80005E276C = {
						CreatedOnToolsVersion = 14.2;
					};
				};
			};
			buildConfigurationList = 1E430EA229F14C80005E276C /* Build configuration list for PBXProject "VKGallery" */;
			compatibilityVersion = "Xcode 13.0";
			developmentRegion = en;
			hasScannedForEncodings = 0;
			knownRegions = (
				en,
				Base,
			);
			mainGroup = 1E430E9E29F14C80005E276C;
			productRefGroup = 1E430EA829F14C80005E276C /* Products */;
			projectDirPath = "";
			projectRoot = "";
			targets = (
				1E430EA629F14C80005E276C /* VKGallery */,
			);
		};
/* End PBXProject section */

/* Begin PBXResourcesBuildPhase section */
		1E430EA529F14C80005E276C /* Resources */ = {
			isa = PBXResourcesBuildPhase;
			buildActionMask = 2147483647;
			files = (
				1E430EB729F14C81005E276C /* LaunchScreen.storyboard in Resources */,
				1E01C11629F16A2A00ACA4B7 /* SFProText-Regular.ttf in Resources */,
				1E430EB429F14C81005E276C /* Assets.xcassets in Resources */,
				1E01C11829F16A3100ACA4B7 /* SFProText-Bold.ttf in Resources */,
			);
			runOnlyForDeploymentPostprocessing = 0;
		};
/* End PBXResourcesBuildPhase section */

/* Begin PBXShellScriptBuildPhase section */
		A0262E72823DB9F6F0267E5B /* [CP] Check Pods Manifest.lock */ = {
			isa = PBXShellScriptBuildPhase;
			buildActionMask = 2147483647;
			files = (
			);
			inputFileListPaths = (
			);
			inputPaths = (
				"${PODS_PODFILE_DIR_PATH}/Podfile.lock",
				"${PODS_ROOT}/Manifest.lock",
			);
			name = "[CP] Check Pods Manifest.lock";
			outputFileListPaths = (
			);
			outputPaths = (
				"$(DERIVED_FILE_DIR)/Pods-VKGallery-checkManifestLockResult.txt",
			);
			runOnlyForDeploymentPostprocessing = 0;
			shellPath = /bin/sh;
			shellScript = "diff \"${PODS_PODFILE_DIR_PATH}/Podfile.lock\" \"${PODS_ROOT}/Manifest.lock\" > /dev/null\nif [ $? != 0 ] ; then\n    # print error to STDERR\n    echo \"error: The sandbox is not in sync with the Podfile.lock. Run 'pod install' or update your CocoaPods installation.\" >&2\n    exit 1\nfi\n# This output is used by Xcode 'outputs' to avoid re-running this script phase.\necho \"SUCCESS\" > \"${SCRIPT_OUTPUT_FILE_0}\"\n";
			showEnvVarsInLog = 0;
		};
		DC6901C77A83BE275065979D /* [CP] Embed Pods Frameworks */ = {
			isa = PBXShellScriptBuildPhase;
			buildActionMask = 2147483647;
			files = (
			);
			inputFileListPaths = (
				"${PODS_ROOT}/Target Support Files/Pods-VKGallery/Pods-VKGallery-frameworks-${CONFIGURATION}-input-files.xcfilelist",
			);
			name = "[CP] Embed Pods Frameworks";
			outputFileListPaths = (
				"${PODS_ROOT}/Target Support Files/Pods-VKGallery/Pods-VKGallery-frameworks-${CONFIGURATION}-output-files.xcfilelist",
			);
			runOnlyForDeploymentPostprocessing = 0;
			shellPath = /bin/sh;
			shellScript = "\"${PODS_ROOT}/Target Support Files/Pods-VKGallery/Pods-VKGallery-frameworks.sh\"\n";
			showEnvVarsInLog = 0;
		};
/* End PBXShellScriptBuildPhase section */

/* Begin PBXSourcesBuildPhase section */
		1E430EA329F14C80005E276C /* Sources */ = {
			isa = PBXSourcesBuildPhase;
			buildActionMask = 2147483647;
			files = (
				1EF12D4929F2DFED007F8C5B /* ImageView.swift in Sources */,
				1E01C12C29F1753700ACA4B7 /* DetailViewController.swift in Sources */,
				1E01C10129F1623C00ACA4B7 /* AuthViewController.swift in Sources */,
				1E01C10F29F1663900ACA4B7 /* Fonts.swift in Sources */,
				1E430EC029F158D0005E276C /* AuthPresenter.swift in Sources */,
				1EF12D4E29F3E141007F8C5B /* CalendarManager.swift in Sources */,
				1E01C12929F1723F00ACA4B7 /* Networking.swift in Sources */,
				1EF12D4629F2DBF4007F8C5B /* PhotoModel.swift in Sources */,
				1E01C12E29F1753E00ACA4B7 /* DetailPresenter.swift in Sources */,
				1EF12D4429F2C7E3007F8C5B /* AlbumResponseModel.swift in Sources */,
				1EF12D5329F406E6007F8C5B /* Alerts.swift in Sources */,
				1E01C12029F16F5A00ACA4B7 /* ModuleBuilder.swift in Sources */,
				1E01C13129F17B1800ACA4B7 /* MainCollectionViewCell.swift in Sources */,
				1E01C11B29F16E7100ACA4B7 /* MainViewController.swift in Sources */,
				1E01C12729F1723900ACA4B7 /* JSONDecoderManager.swift in Sources */,
				1E01C12329F1707800ACA4B7 /* AppRouter.swift in Sources */,
				1EF12D4C29F3DA89007F8C5B /* DetailPhotoModel.swift in Sources */,
				1EF12D5029F40467007F8C5B /* ImageSavePhotosAlbum.swift in Sources */,
				1E01C13429F183D200ACA4B7 /* DetailCollectionViewCell.swift in Sources */,
				1E430EAB29F14C80005E276C /* AppDelegate.swift in Sources */,
				1E01C11D29F16E7800ACA4B7 /* MainPresenter.swift in Sources */,
				1EC2280F29F29A4200B3DB05 /* AuthService.swift in Sources */,
				1E01C12529F1723200ACA4B7 /* CatalogAPIService.swift in Sources */,
				1E430EAD29F14C80005E276C /* SceneDelegate.swift in Sources */,
			);
			runOnlyForDeploymentPostprocessing = 0;
		};
/* End PBXSourcesBuildPhase section */

/* Begin PBXVariantGroup section */
		1E430EB529F14C81005E276C /* LaunchScreen.storyboard */ = {
			isa = PBXVariantGroup;
			children = (
				1E430EB629F14C81005E276C /* Base */,
			);
			name = LaunchScreen.storyboard;
			sourceTree = "<group>";
		};
/* End PBXVariantGroup section */

/* Begin XCBuildConfiguration section */
		1E430EB929F14C81005E276C /* Debug */ = {
			isa = XCBuildConfiguration;
			buildSettings = {
				ALWAYS_SEARCH_USER_PATHS = NO;
				CLANG_ANALYZER_NONNULL = YES;
				CLANG_ANALYZER_NUMBER_OBJECT_CONVERSION = YES_AGGRESSIVE;
				CLANG_CXX_LANGUAGE_STANDARD = "gnu++20";
				CLANG_ENABLE_MODULES = YES;
				CLANG_ENABLE_OBJC_ARC = YES;
				CLANG_ENABLE_OBJC_WEAK = YES;
				CLANG_WARN_BLOCK_CAPTURE_AUTORELEASING = YES;
				CLANG_WARN_BOOL_CONVERSION = YES;
				CLANG_WARN_COMMA = YES;
				CLANG_WARN_CONSTANT_CONVERSION = YES;
				CLANG_WARN_DEPRECATED_OBJC_IMPLEMENTATIONS = YES;
				CLANG_WARN_DIRECT_OBJC_ISA_USAGE = YES_ERROR;
				CLANG_WARN_DOCUMENTATION_COMMENTS = YES;
				CLANG_WARN_EMPTY_BODY = YES;
				CLANG_WARN_ENUM_CONVERSION = YES;
				CLANG_WARN_INFINITE_RECURSION = YES;
				CLANG_WARN_INT_CONVERSION = YES;
				CLANG_WARN_NON_LITERAL_NULL_CONVERSION = YES;
				CLANG_WARN_OBJC_IMPLICIT_RETAIN_SELF = YES;
				CLANG_WARN_OBJC_LITERAL_CONVERSION = YES;
				CLANG_WARN_OBJC_ROOT_CLASS = YES_ERROR;
				CLANG_WARN_QUOTED_INCLUDE_IN_FRAMEWORK_HEADER = YES;
				CLANG_WARN_RANGE_LOOP_ANALYSIS = YES;
				CLANG_WARN_STRICT_PROTOTYPES = YES;
				CLANG_WARN_SUSPICIOUS_MOVE = YES;
				CLANG_WARN_UNGUARDED_AVAILABILITY = YES_AGGRESSIVE;
				CLANG_WARN_UNREACHABLE_CODE = YES;
				CLANG_WARN__DUPLICATE_METHOD_MATCH = YES;
				COPY_PHASE_STRIP = NO;
				DEBUG_INFORMATION_FORMAT = dwarf;
				ENABLE_STRICT_OBJC_MSGSEND = YES;
				ENABLE_TESTABILITY = YES;
				GCC_C_LANGUAGE_STANDARD = gnu11;
				GCC_DYNAMIC_NO_PIC = NO;
				GCC_NO_COMMON_BLOCKS = YES;
				GCC_OPTIMIZATION_LEVEL = 0;
				GCC_PREPROCESSOR_DEFINITIONS = (
					"DEBUG=1",
					"$(inherited)",
				);
				GCC_WARN_64_TO_32_BIT_CONVERSION = YES;
				GCC_WARN_ABOUT_RETURN_TYPE = YES_ERROR;
				GCC_WARN_UNDECLARED_SELECTOR = YES;
				GCC_WARN_UNINITIALIZED_AUTOS = YES_AGGRESSIVE;
				GCC_WARN_UNUSED_FUNCTION = YES;
				GCC_WARN_UNUSED_VARIABLE = YES;
				IPHONEOS_DEPLOYMENT_TARGET = 15.0;
				MTL_ENABLE_DEBUG_INFO = INCLUDE_SOURCE;
				MTL_FAST_MATH = YES;
				ONLY_ACTIVE_ARCH = YES;
				SDKROOT = iphoneos;
				SWIFT_ACTIVE_COMPILATION_CONDITIONS = DEBUG;
				SWIFT_OPTIMIZATION_LEVEL = "-Onone";
			};
			name = Debug;
		};
		1E430EBA29F14C81005E276C /* Release */ = {
			isa = XCBuildConfiguration;
			buildSettings = {
				ALWAYS_SEARCH_USER_PATHS = NO;
				CLANG_ANALYZER_NONNULL = YES;
				CLANG_ANALYZER_NUMBER_OBJECT_CONVERSION = YES_AGGRESSIVE;
				CLANG_CXX_LANGUAGE_STANDARD = "gnu++20";
				CLANG_ENABLE_MODULES = YES;
				CLANG_ENABLE_OBJC_ARC = YES;
				CLANG_ENABLE_OBJC_WEAK = YES;
				CLANG_WARN_BLOCK_CAPTURE_AUTORELEASING = YES;
				CLANG_WARN_BOOL_CONVERSION = YES;
				CLANG_WARN_COMMA = YES;
				CLANG_WARN_CONSTANT_CONVERSION = YES;
				CLANG_WARN_DEPRECATED_OBJC_IMPLEMENTATIONS = YES;
				CLANG_WARN_DIRECT_OBJC_ISA_USAGE = YES_ERROR;
				CLANG_WARN_DOCUMENTATION_COMMENTS = YES;
				CLANG_WARN_EMPTY_BODY = YES;
				CLANG_WARN_ENUM_CONVERSION = YES;
				CLANG_WARN_INFINITE_RECURSION = YES;
				CLANG_WARN_INT_CONVERSION = YES;
				CLANG_WARN_NON_LITERAL_NULL_CONVERSION = YES;
				CLANG_WARN_OBJC_IMPLICIT_RETAIN_SELF = YES;
				CLANG_WARN_OBJC_LITERAL_CONVERSION = YES;
				CLANG_WARN_OBJC_ROOT_CLASS = YES_ERROR;
				CLANG_WARN_QUOTED_INCLUDE_IN_FRAMEWORK_HEADER = YES;
				CLANG_WARN_RANGE_LOOP_ANALYSIS = YES;
				CLANG_WARN_STRICT_PROTOTYPES = YES;
				CLANG_WARN_SUSPICIOUS_MOVE = YES;
				CLANG_WARN_UNGUARDED_AVAILABILITY = YES_AGGRESSIVE;
				CLANG_WARN_UNREACHABLE_CODE = YES;
				CLANG_WARN__DUPLICATE_METHOD_MATCH = YES;
				COPY_PHASE_STRIP = NO;
				DEBUG_INFORMATION_FORMAT = "dwarf-with-dsym";
				ENABLE_NS_ASSERTIONS = NO;
				ENABLE_STRICT_OBJC_MSGSEND = YES;
				GCC_C_LANGUAGE_STANDARD = gnu11;
				GCC_NO_COMMON_BLOCKS = YES;
				GCC_WARN_64_TO_32_BIT_CONVERSION = YES;
				GCC_WARN_ABOUT_RETURN_TYPE = YES_ERROR;
				GCC_WARN_UNDECLARED_SELECTOR = YES;
				GCC_WARN_UNINITIALIZED_AUTOS = YES_AGGRESSIVE;
				GCC_WARN_UNUSED_FUNCTION = YES;
				GCC_WARN_UNUSED_VARIABLE = YES;
				IPHONEOS_DEPLOYMENT_TARGET = 15.0;
				MTL_ENABLE_DEBUG_INFO = NO;
				MTL_FAST_MATH = YES;
				SDKROOT = iphoneos;
				SWIFT_COMPILATION_MODE = wholemodule;
				SWIFT_OPTIMIZATION_LEVEL = "-O";
				VALIDATE_PRODUCT = YES;
			};
			name = Release;
		};
		1E430EBC29F14C81005E276C /* Debug */ = {
			isa = XCBuildConfiguration;
			baseConfigurationReference = A0E96A75EFCFE281B5B66A2E /* Pods-VKGallery.debug.xcconfig */;
			buildSettings = {
				ASSETCATALOG_COMPILER_APPICON_NAME = AppIcon;
				ASSETCATALOG_COMPILER_GLOBAL_ACCENT_COLOR_NAME = AccentColor;
				CODE_SIGN_STYLE = Automatic;
				CURRENT_PROJECT_VERSION = 1;
				DEVELOPMENT_TEAM = F39TQUV5PU;
				GENERATE_INFOPLIST_FILE = YES;
				INFOPLIST_FILE = VKGallery/Applications/Info.plist;
				INFOPLIST_KEY_UIApplicationSupportsIndirectInputEvents = YES;
				INFOPLIST_KEY_UILaunchStoryboardName = LaunchScreen;
				INFOPLIST_KEY_UISupportedInterfaceOrientations = UIInterfaceOrientationPortrait;
				INFOPLIST_KEY_UISupportedInterfaceOrientations_iPad = "UIInterfaceOrientationLandscapeLeft UIInterfaceOrientationLandscapeRight UIInterfaceOrientationPortrait UIInterfaceOrientationPortraitUpsideDown";
				IPHONEOS_DEPLOYMENT_TARGET = 15.0;
				LD_RUNPATH_SEARCH_PATHS = (
					"$(inherited)",
					"@executable_path/Frameworks",
				);
				MARKETING_VERSION = 1.0;
				PRODUCT_BUNDLE_IDENTIFIER = Gold.VKGallery;
				PRODUCT_NAME = "$(TARGET_NAME)";
				SUPPORTED_PLATFORMS = "iphoneos iphonesimulator";
				SUPPORTS_MACCATALYST = NO;
				SUPPORTS_MAC_DESIGNED_FOR_IPHONE_IPAD = NO;
				SWIFT_EMIT_LOC_STRINGS = YES;
				SWIFT_VERSION = 5.0;
				TARGETED_DEVICE_FAMILY = 1;
			};
			name = Debug;
		};
		1E430EBD29F14C81005E276C /* Release */ = {
			isa = XCBuildConfiguration;
			baseConfigurationReference = DBFF1B7F703047FBEE213836 /* Pods-VKGallery.release.xcconfig */;
			buildSettings = {
				ASSETCATALOG_COMPILER_APPICON_NAME = AppIcon;
				ASSETCATALOG_COMPILER_GLOBAL_ACCENT_COLOR_NAME = AccentColor;
				CODE_SIGN_STYLE = Automatic;
				CURRENT_PROJECT_VERSION = 1;
				DEVELOPMENT_TEAM = F39TQUV5PU;
				GENERATE_INFOPLIST_FILE = YES;
				INFOPLIST_FILE = VKGallery/Applications/Info.plist;
				INFOPLIST_KEY_UIApplicationSupportsIndirectInputEvents = YES;
				INFOPLIST_KEY_UILaunchStoryboardName = LaunchScreen;
				INFOPLIST_KEY_UISupportedInterfaceOrientations = UIInterfaceOrientationPortrait;
				INFOPLIST_KEY_UISupportedInterfaceOrientations_iPad = "UIInterfaceOrientationLandscapeLeft UIInterfaceOrientationLandscapeRight UIInterfaceOrientationPortrait UIInterfaceOrientationPortraitUpsideDown";
				IPHONEOS_DEPLOYMENT_TARGET = 15.0;
				LD_RUNPATH_SEARCH_PATHS = (
					"$(inherited)",
					"@executable_path/Frameworks",
				);
				MARKETING_VERSION = 1.0;
				PRODUCT_BUNDLE_IDENTIFIER = Gold.VKGallery;
				PRODUCT_NAME = "$(TARGET_NAME)";
				SUPPORTED_PLATFORMS = "iphoneos iphonesimulator";
				SUPPORTS_MACCATALYST = NO;
				SUPPORTS_MAC_DESIGNED_FOR_IPHONE_IPAD = NO;
				SWIFT_EMIT_LOC_STRINGS = YES;
				SWIFT_VERSION = 5.0;
				TARGETED_DEVICE_FAMILY = 1;
			};
			name = Release;
		};
/* End XCBuildConfiguration section */

/* Begin XCConfigurationList section */
		1E430EA229F14C80005E276C /* Build configuration list for PBXProject "VKGallery" */ = {
			isa = XCConfigurationList;
			buildConfigurations = (
				1E430EB929F14C81005E276C /* Debug */,
				1E430EBA29F14C81005E276C /* Release */,
			);
			defaultConfigurationIsVisible = 0;
			defaultConfigurationName = Release;
		};
		1E430EBB29F14C81005E276C /* Build configuration list for PBXNativeTarget "VKGallery" */ = {
			isa = XCConfigurationList;
			buildConfigurations = (
				1E430EBC29F14C81005E276C /* Debug */,
				1E430EBD29F14C81005E276C /* Release */,
			);
			defaultConfigurationIsVisible = 0;
			defaultConfigurationName = Release;
		};
/* End XCConfigurationList section */
	};
	rootObject = 1E430E9F29F14C80005E276C /* Project object */;
}
